{
    "_readme": [
        "This file locks the dependencies of your project to a known state",
        "Read more about it at https://getcomposer.org/doc/01-basic-usage.md#composer-lock-the-lock-file",
        "This file is @generated automatically"
    ],
    "hash": "83f470c505c5819e30f25935d3ec8c86",
    "content-hash": "093ff17d6f1e9853a07dcfa38d609dd4",
    "packages": [
        {
            "name": "codeandcode/micro-fwk",
            "version": "dev-master",
            "source": {
                "type": "git",
                "url": "https://github.com/code-and-code/micro-fwk.git",
                "reference": "e2be71dff204fa0df7d5cd1614a4f54d9e4ddbd4"
            },
            "dist": {
                "type": "zip",
                "url": "https://api.github.com/repos/code-and-code/micro-fwk/zipball/e2be71dff204fa0df7d5cd1614a4f54d9e4ddbd4",
                "reference": "e2be71dff204fa0df7d5cd1614a4f54d9e4ddbd4",
                "shasum": ""
            },
            "require": {
                "php": ">=5.3",
                "twig/twig": "~1.0"
            },
            "type": "project",
            "notification-url": "https://packagist.org/downloads/",
            "license": [
                "MIT"
            ],
            "authors": [
                {
                    "name": "CodeAndCode",
                    "email": "contato@codeandcode.com.br"
                }
            ],
            "keywords": [
                "php",
                "project start",
                "projecto inical",
                "start"
            ],
            "time": "2016-06-24 13:15:15"
        },
        {
            "name": "codeguy/upload",
            "version": "1.3.2",
            "source": {
                "type": "git",
                "url": "https://github.com/codeguy/Upload.git",
                "reference": "6a9e5e1fb58d65346d0e557db2d46fb25efd3e37"
            },
            "dist": {
                "type": "zip",
                "url": "https://api.github.com/repos/codeguy/Upload/zipball/6a9e5e1fb58d65346d0e557db2d46fb25efd3e37",
                "reference": "6a9e5e1fb58d65346d0e557db2d46fb25efd3e37",
                "shasum": ""
            },
            "require": {
                "ext-fileinfo": "*",
                "php": ">=5.3.0"
            },
            "require-dev": {
                "phpunit/phpunit": "3.7.*"
            },
            "type": "library",
            "autoload": {
                "psr-0": {
                    "Upload": "src"
                }
            },
            "notification-url": "https://packagist.org/downloads/",
            "license": [
                "MIT"
            ],
            "authors": [
                {
                    "name": "Josh Lockhart",
                    "email": "info@joshlockhart.com",
                    "homepage": "http://www.joshlockhart.com/"
                }
            ],
            "description": "Handle file uploads with extensible validation and storage strategies",
            "homepage": "http://github.com/codeguy/Upload",
            "keywords": [
                "file",
                "upload",
                "validation"
            ],
            "time": "2013-07-07 17:01:41"
        },
        {
            "name": "desarrolla2/cache",
            "version": "v2.1.0",
            "source": {
                "type": "git",
                "url": "https://github.com/desarrolla2/Cache.git",
                "reference": "5a9b1b55cf666328cb3ca161357ccd767225fea0"
            },
            "dist": {
                "type": "zip",
                "url": "https://api.github.com/repos/desarrolla2/Cache/zipball/5a9b1b55cf666328cb3ca161357ccd767225fea0",
                "reference": "5a9b1b55cf666328cb3ca161357ccd767225fea0",
                "shasum": ""
            },
            "require": {
                "php": ">=5.4.0"
            },
            "require-dev": {
                "predis/predis": "~1.0.0"
            },
            "suggest": {
                "predis/predis": "Predis support"
            },
            "type": "library",
            "autoload": {
                "psr-4": {
                    "Desarrolla2\\Cache\\": "src/",
                    "Desarrolla2\\Test\\Cache\\": "test/"
                }
            },
            "notification-url": "https://packagist.org/downloads/",
            "license": [
                "MIT"
            ],
            "authors": [
                {
                    "name": "Daniel González",
                    "homepage": "http://desarrolla2.com/"
                }
            ],
            "description": "Provides an cache interface for several adapters Apc, Apcu, File, Mongo, Memcache, Memcached, Mysql, Mongo, Redis is supported. New adapters is comming!",
            "homepage": "https://github.com/desarrolla2/Cache/",
            "keywords": [
                "apc",
                "apcu",
                "cache",
                "file",
                "memcache",
                "memcached",
                "mongo",
                "mysql",
                "redis"
            ],
            "time": "2015-11-26 12:29:49"
        },
        {
            "name": "twig/twig",
            "version": "1.x-dev",
            "source": {
                "type": "git",
                "url": "https://github.com/twigphp/Twig.git",
                "reference": "cdccdbbdf35f38a70eb6931667a76fc68012a999"
            },
            "dist": {
                "type": "zip",
                "url": "https://api.github.com/repos/twigphp/Twig/zipball/cdccdbbdf35f38a70eb6931667a76fc68012a999",
                "reference": "cdccdbbdf35f38a70eb6931667a76fc68012a999",
                "shasum": ""
            },
            "require": {
                "php": ">=5.2.7"
            },
            "require-dev": {
                "symfony/debug": "~2.7",
                "symfony/phpunit-bridge": "~2.7"
            },
            "type": "library",
            "extra": {
                "branch-alias": {
                    "dev-master": "1.24-dev"
                }
            },
            "autoload": {
                "psr-0": {
                    "Twig_": "lib/"
                }
            },
            "notification-url": "https://packagist.org/downloads/",
            "license": [
                "BSD-3-Clause"
            ],
            "authors": [
                {
                    "name": "Fabien Potencier",
                    "email": "fabien@symfony.com",
                    "homepage": "http://fabien.potencier.org",
                    "role": "Lead Developer"
                },
                {
                    "name": "Armin Ronacher",
                    "email": "armin.ronacher@active-4.com",
                    "role": "Project Founder"
                },
                {
                    "name": "Twig Team",
                    "homepage": "http://twig.sensiolabs.org/contributors",
                    "role": "Contributors"
                }
            ],
            "description": "Twig, the flexible, fast, and secure template language for PHP",
            "homepage": "http://twig.sensiolabs.org",
            "keywords": [
                "templating"
            ],
            "time": "2016-06-24 05:05:43"
        }
    ],
    "packages-dev": [],
    "aliases": [],
    "minimum-stability": "dev",
    "stability-flags": {
        "codeandcode/micro-fwk": 20
    },
    "prefer-stable": false,
    "prefer-lowest": false,
    "platform": {
        "php": ">=5.3"
    },
    "platform-dev": []
}
